// !$*UTF8*$!
{
	archiveVersion = 1;
	classes = {
	};
	objectVersion = 50;
	objects = {

/* Begin PBXBuildFile section */
		ED5D93C7223FED720033B6CF /* RgbImage.cpp in Sources */ = {isa = PBXBuildFile; fileRef = ED5D93C5223FED720033B6CF /* RgbImage.cpp */; };
		EDD0BC1F223FA56D00221D6D /* main.cpp in Sources */ = {isa = PBXBuildFile; fileRef = EDD0BC1E223FA56D00221D6D /* main.cpp */; };
		EDF6D5AF223FEEBE00A213FF /* OpenGL.framework in Frameworks */ = {isa = PBXBuildFile; fileRef = EDF6D5AD223FEEBE00A213FF /* OpenGL.framework */; };
		EDF6D5B0223FEEBE00A213FF /* GLUT.framework in Frameworks */ = {isa = PBXBuildFile; fileRef = EDF6D5AE223FEEBE00A213FF /* GLUT.framework */; };
/* End PBXBuildFile section */

/* Begin PBXCopyFilesBuildPhase section */
		EDD0BC19223FA56D00221D6D /* CopyFiles */ = {
			isa = PBXCopyFilesBuildPhase;
			buildActionMask = 2147483647;
			dstPath = /usr/share/man/man1/;
			dstSubfolderSpec = 0;
			files = (
			);
			runOnlyForDeploymentPostprocessing = 1;
		};
/* End PBXCopyFilesBuildPhase section */

/* Begin PBXFileReference section */
		C160836A2256463C0031A851 /* materiais.h */ = {isa = PBXFileReference; lastKnownFileType = sourcecode.c.h; path = materiais.h; sourceTree = "<group>"; };
		ED5D93C4223FED720033B6CF /* texturas */ = {isa = PBXFileReference; lastKnownFileType = folder; path = texturas; sourceTree = "<group>"; };
		ED5D93C5223FED720033B6CF /* RgbImage.cpp */ = {isa = PBXFileReference; fileEncoding = 4; lastKnownFileType = sourcecode.cpp.cpp; path = RgbImage.cpp; sourceTree = "<group>"; };
		ED5D93C6223FED720033B6CF /* RgbImage.h */ = {isa = PBXFileReference; fileEncoding = 4; lastKnownFileType = sourcecode.c.h; path = RgbImage.h; sourceTree = "<group>"; };
		EDD0BC1B223FA56D00221D6D /* CG_Project */ = {isa = PBXFileReference; explicitFileType = "compiled.mach-o.executable"; includeInIndex = 0; path = CG_Project; sourceTree = BUILT_PRODUCTS_DIR; };
		EDD0BC1E223FA56D00221D6D /* main.cpp */ = {isa = PBXFileReference; lastKnownFileType = sourcecode.cpp.cpp; path = main.cpp; sourceTree = "<group>"; };
		EDF6D5AD223FEEBE00A213FF /* OpenGL.framework */ = {isa = PBXFileReference; lastKnownFileType = wrapper.framework; name = OpenGL.framework; path = System/Library/Frameworks/OpenGL.framework; sourceTree = SDKROOT; };
		EDF6D5AE223FEEBE00A213FF /* GLUT.framework */ = {isa = PBXFileReference; lastKnownFileType = wrapper.framework; name = GLUT.framework; path = System/Library/Frameworks/GLUT.framework; sourceTree = SDKROOT; };
/* End PBXFileReference section */

/* Begin PBXFrameworksBuildPhase section */
		EDD0BC18223FA56D00221D6D /* Frameworks */ = {
			isa = PBXFrameworksBuildPhase;
			buildActionMask = 2147483647;
			files = (
				EDF6D5AF223FEEBE00A213FF /* OpenGL.framework in Frameworks */,
				EDF6D5B0223FEEBE00A213FF /* GLUT.framework in Frameworks */,
			);
			runOnlyForDeploymentPostprocessing = 0;
		};
/* End PBXFrameworksBuildPhase section */

/* Begin PBXGroup section */
		EDD0BC12223FA56D00221D6D = {
			isa = PBXGroup;
			children = (
				EDD0BC1D223FA56D00221D6D /* CG_Project */,
				EDD0BC1C223FA56D00221D6D /* Products */,
				EDF6D5AC223FEEBE00A213FF /* Frameworks */,
			);
			sourceTree = "<group>";
		};
		EDD0BC1C223FA56D00221D6D /* Products */ = {
			isa = PBXGroup;
			children = (
				EDD0BC1B223FA56D00221D6D /* CG_Project */,
			);
			name = Products;
			sourceTree = "<group>";
		};
		EDD0BC1D223FA56D00221D6D /* CG_Project */ = {
			isa = PBXGroup;
			children = (
				ED5D93C5223FED720033B6CF /* RgbImage.cpp */,
				ED5D93C6223FED720033B6CF /* RgbImage.h */,
				ED5D93C4223FED720033B6CF /* texturas */,
				EDD0BC1E223FA56D00221D6D /* main.cpp */,
				C160836A2256463C0031A851 /* materiais.h */,
			);
			path = CG_Project;
			sourceTree = "<group>";
		};
		EDF6D5AC223FEEBE00A213FF /* Frameworks */ = {
			isa = PBXGroup;
			children = (
				EDF6D5AE223FEEBE00A213FF /* GLUT.framework */,
				EDF6D5AD223FEEBE00A213FF /* OpenGL.framework */,
			);
			name = Frameworks;
			sourceTree = "<group>";
		};
/* End PBXGroup section */

/* Begin PBXNativeTarget section */
		EDD0BC1A223FA56D00221D6D /* CG_Project */ = {
			isa = PBXNativeTarget;
			buildConfigurationList = EDD0BC22223FA56D00221D6D /* Build configuration list for PBXNativeTarget "CG_Project" */;
			buildPhases = (
				EDD0BC17223FA56D00221D6D /* Sources */,
				EDD0BC18223FA56D00221D6D /* Frameworks */,
				EDD0BC19223FA56D00221D6D /* CopyFiles */,
			);
			buildRules = (
			);
			dependencies = (
			);
			name = CG_Project;
			productName = CG_Project;
			productReference = EDD0BC1B223FA56D00221D6D /* CG_Project */;
			productType = "com.apple.product-type.tool";
		};
/* End PBXNativeTarget section */

/* Begin PBXProject section */
		EDD0BC13223FA56D00221D6D /* Project object */ = {
			isa = PBXProject;
			attributes = {
				LastUpgradeCheck = 1010;
				ORGANIZATIONNAME = "Pedro Chicória";
				TargetAttributes = {
					EDD0BC1A223FA56D00221D6D = {
						CreatedOnToolsVersion = 10.1;
					};
				};
			};
			buildConfigurationList = EDD0BC16223FA56D00221D6D /* Build configuration list for PBXProject "CG_Project" */;
			compatibilityVersion = "Xcode 9.3";
			developmentRegion = en;
			hasScannedForEncodings = 0;
			knownRegions = (
				en,
			);
			mainGroup = EDD0BC12223FA56D00221D6D;
			productRefGroup = EDD0BC1C223FA56D00221D6D /* Products */;
			projectDirPath = "";
			projectRoot = "";
			targets = (
				EDD0BC1A223FA56D00221D6D /* CG_Project */,
			);
		};
/* End PBXProject section */

/* Begin PBXSourcesBuildPhase section */
		EDD0BC17223FA56D00221D6D /* Sources */ = {
			isa = PBXSourcesBuildPhase;
			buildActionMask = 2147483647;
			files = (
				EDD0BC1F223FA56D00221D6D /* main.cpp in Sources */,
				ED5D93C7223FED720033B6CF /* RgbImage.cpp in Sources */,
			);
			runOnlyForDeploymentPostprocessing = 0;
		};
/* End PBXSourcesBuildPhase section */

/* Begin XCBuildConfiguration section */
		EDD0BC20223FA56D00221D6D /* Debug */ = {
			isa = XCBuildConfiguration;
			buildSettings = {
				ALWAYS_SEARCH_USER_PATHS = NO;
				CLANG_ANALYZER_NONNULL = YES;
				CLANG_ANALYZER_NUMBER_OBJECT_CONVERSION = YES_AGGRESSIVE;
				CLANG_CXX_LANGUAGE_STANDARD = "gnu++14";
				CLANG_CXX_LIBRARY = "libc++";
				CLANG_ENABLE_MODULES = YES;
				CLANG_ENABLE_OBJC_ARC = YES;
				CLANG_ENABLE_OBJC_WEAK = YES;
				CLANG_WARN_BLOCK_CAPTURE_AUTORELEASING = YES;
				CLANG_WARN_BOOL_CONVERSION = YES;
				CLANG_WARN_COMMA = YES;
				CLANG_WARN_CONSTANT_CONVERSION = YES;
				CLANG_WARN_DEPRECATED_OBJC_IMPLEMENTATIONS = YES;
				CLANG_WARN_DIRECT_OBJC_ISA_USAGE = YES_ERROR;
				CLANG_WARN_DOCUMENTATION_COMMENTS = YES;
				CLANG_WARN_EMPTY_BODY = YES;
				CLANG_WARN_ENUM_CONVERSION = YES;
				CLANG_WARN_INFINITE_RECURSION = YES;
				CLANG_WARN_INT_CONVERSION = YES;
				CLANG_WARN_NON_LITERAL_NULL_CONVERSION = YES;
				CLANG_WARN_OBJC_IMPLICIT_RETAIN_SELF = YES;
				CLANG_WARN_OBJC_LITERAL_CONVERSION = YES;
				CLANG_WARN_OBJC_ROOT_CLASS = YES_ERROR;
				CLANG_WARN_RANGE_LOOP_ANALYSIS = YES;
				CLANG_WARN_STRICT_PROTOTYPES = YES;
				CLANG_WARN_SUSPICIOUS_MOVE = YES;
				CLANG_WARN_UNGUARDED_AVAILABILITY = YES_AGGRESSIVE;
				CLANG_WARN_UNREACHABLE_CODE = YES;
				CLANG_WARN__DUPLICATE_METHOD_MATCH = YES;
				CODE_SIGN_IDENTITY = "-";
				COPY_PHASE_STRIP = NO;
				DEBUG_INFORMATION_FORMAT = dwarf;
				ENABLE_STRICT_OBJC_MSGSEND = YES;
				ENABLE_TESTABILITY = YES;
				GCC_C_LANGUAGE_STANDARD = gnu11;
				GCC_DYNAMIC_NO_PIC = NO;
				GCC_NO_COMMON_BLOCKS = YES;
				GCC_OPTIMIZATION_LEVEL = 0;
				GCC_PREPROCESSOR_DEFINITIONS = (
					"DEBUG=1",
					"$(inherited)",
				);
				GCC_WARN_64_TO_32_BIT_CONVERSION = YES;
				GCC_WARN_ABOUT_RETURN_TYPE = YES_ERROR;
				GCC_WARN_UNDECLARED_SELECTOR = YES;
				GCC_WARN_UNINITIALIZED_AUTOS = YES_AGGRESSIVE;
				GCC_WARN_UNUSED_FUNCTION = YES;
				GCC_WARN_UNUSED_VARIABLE = YES;
				MACOSX_DEPLOYMENT_TARGET = 10.14;
				MTL_ENABLE_DEBUG_INFO = INCLUDE_SOURCE;
				MTL_FAST_MATH = YES;
				ONLY_ACTIVE_ARCH = YES;
				SDKROOT = macosx;
			};
			name = Debug;
		};
		EDD0BC21223FA56D00221D6D /* Release */ = {
			isa = XCBuildConfiguration;
			buildSettings = {
				ALWAYS_SEARCH_USER_PATHS = NO;
				CLANG_ANALYZER_NONNULL = YES;
				CLANG_ANALYZER_NUMBER_OBJECT_CONVERSION = YES_AGGRESSIVE;
				CLANG_CXX_LANGUAGE_STANDARD = "gnu++14";
				CLANG_CXX_LIBRARY = "libc++";
				CLANG_ENABLE_MODULES = YES;
				CLANG_ENABLE_OBJC_ARC = YES;
				CLANG_ENABLE_OBJC_WEAK = YES;
				CLANG_WARN_BLOCK_CAPTURE_AUTORELEASING = YES;
				CLANG_WARN_BOOL_CONVERSION = YES;
				CLANG_WARN_COMMA = YES;
				CLANG_WARN_CONSTANT_CONVERSION = YES;
				CLANG_WARN_DEPRECATED_OBJC_IMPLEMENTATIONS = YES;
				CLANG_WARN_DIRECT_OBJC_ISA_USAGE = YES_ERROR;
				CLANG_WARN_DOCUMENTATION_COMMENTS = YES;
				CLANG_WARN_EMPTY_BODY = YES;
				CLANG_WARN_ENUM_CONVERSION = YES;
				CLANG_WARN_INFINITE_RECURSION = YES;
				CLANG_WARN_INT_CONVERSION = YES;
				CLANG_WARN_NON_LITERAL_NULL_CONVERSION = YES;
				CLANG_WARN_OBJC_IMPLICIT_RETAIN_SELF = YES;
				CLANG_WARN_OBJC_LITERAL_CONVERSION = YES;
				CLANG_WARN_OBJC_ROOT_CLASS = YES_ERROR;
				CLANG_WARN_RANGE_LOOP_ANALYSIS = YES;
				CLANG_WARN_STRICT_PROTOTYPES = YES;
				CLANG_WARN_SUSPICIOUS_MOVE = YES;
				CLANG_WARN_UNGUARDED_AVAILABILITY = YES_AGGRESSIVE;
				CLANG_WARN_UNREACHABLE_CODE = YES;
				CLANG_WARN__DUPLICATE_METHOD_MATCH = YES;
				CODE_SIGN_IDENTITY = "-";
				COPY_PHASE_STRIP = NO;
				DEBUG_INFORMATION_FORMAT = "dwarf-with-dsym";
				ENABLE_NS_ASSERTIONS = NO;
				ENABLE_STRICT_OBJC_MSGSEND = YES;
				GCC_C_LANGUAGE_STANDARD = gnu11;
				GCC_NO_COMMON_BLOCKS = YES;
				GCC_WARN_64_TO_32_BIT_CONVERSION = YES;
				GCC_WARN_ABOUT_RETURN_TYPE = YES_ERROR;
				GCC_WARN_UNDECLARED_SELECTOR = YES;
				GCC_WARN_UNINITIALIZED_AUTOS = YES_AGGRESSIVE;
				GCC_WARN_UNUSED_FUNCTION = YES;
				GCC_WARN_UNUSED_VARIABLE = YES;
				MACOSX_DEPLOYMENT_TARGET = 10.14;
				MTL_ENABLE_DEBUG_INFO = NO;
				MTL_FAST_MATH = YES;
				SDKROOT = macosx;
			};
			name = Release;
		};
		EDD0BC23223FA56D00221D6D /* Debug */ = {
			isa = XCBuildConfiguration;
			buildSettings = {
				CODE_SIGN_STYLE = Automatic;
				GCC_WARN_ABOUT_DEPRECATED_FUNCTIONS = NO;
				PRODUCT_NAME = "$(TARGET_NAME)";
			};
			name = Debug;
		};
		EDD0BC24223FA56D00221D6D /* Release */ = {
			isa = XCBuildConfiguration;
			buildSettings = {
				CODE_SIGN_STYLE = Automatic;
				GCC_WARN_ABOUT_DEPRECATED_FUNCTIONS = NO;
				PRODUCT_NAME = "$(TARGET_NAME)";
			};
			name = Release;
		};
/* End XCBuildConfiguration section */

/* Begin XCConfigurationList section */
		EDD0BC16223FA56D00221D6D /* Build configuration list for PBXProject "CG_Project" */ = {
			isa = XCConfigurationList;
			buildConfigurations = (
				EDD0BC20223FA56D00221D6D /* Debug */,
				EDD0BC21223FA56D00221D6D /* Release */,
			);
			defaultConfigurationIsVisible = 0;
			defaultConfigurationName = Release;
		};
		EDD0BC22223FA56D00221D6D /* Build configuration list for PBXNativeTarget "CG_Project" */ = {
			isa = XCConfigurationList;
			buildConfigurations = (
				EDD0BC23223FA56D00221D6D /* Debug */,
				EDD0BC24223FA56D00221D6D /* Release */,
			);
			defaultConfigurationIsVisible = 0;
			defaultConfigurationName = Release;
		};
/* End XCConfigurationList section */
	};
	rootObject = EDD0BC13223FA56D00221D6D /* Project object */;
}
